// !$*UTF8*$!
{
	archiveVersion = 1;
	classes = {
	};
	objectVersion = 77;
	objects = {

/* Begin PBXBuildFile section */
		0EDB25B92FE449FD0091E0BF /* WidgetKit.framework in Frameworks */ = {isa = PBXBuildFile; fileRef = 0EDB25B82FE449FD0091E0BF /* WidgetKit.framework */; };
		0EDB25BB2FE449FD0091E0BF /* SwiftUI.framework in Frameworks */ = {isa = PBXBuildFile; fileRef = 0EDB25BA2FE449FD0091E0BF /* SwiftUI.framework */; };
		0EDB25CC2FE449FF0091E0BF /* VideoStatusExtension.appex in Embed Foundation Extensions */ = {isa = PBXBuildFile; fileRef = 0EDB25B72FE449FC0091E0BF /* VideoStatusExtension.appex */; settings = {ATTRIBUTES = (RemoveHeadersOnCopy, ); }; };
		0EEFE0292FEFD02500BFC25F /* UtilityTests.swift in Sources */ = {isa = PBXBuildFile; fileRef = 0EEFE0282FEFD02500BFC25F /* UtilityTests.swift */; };
/* End PBXBuildFile section */

/* Begin PBXContainerItemProxy section */
		0EDB25CA2FE449FF0091E0BF /* PBXContainerItemProxy */ = {
			isa = PBXContainerItemProxy;
			containerPortal = 7FF22E862ED7EC6600603529 /* Project object */;
			proxyType = 1;
			remoteGlobalIDString = 0EDB25B62FE449FC0091E0BF;
			remoteInfo = VideoStatusExtension;
		};
		0EFF48002F378D38008832D6 /* PBXContainerItemProxy */ = {
			isa = PBXContainerItemProxy;
			containerPortal = 7FF22E862ED7EC6600603529 /* Project object */;
			proxyType = 1;
			remoteGlobalIDString = 7FF22E8D2ED7EC6600603529;
			remoteInfo = JapaneseLearning;
		};
/* End PBXContainerItemProxy section */

/* Begin PBXCopyFilesBuildPhase section */
		0EDB25D12FE449FF0091E0BF /* Embed Foundation Extensions */ = {
			isa = PBXCopyFilesBuildPhase;
			buildActionMask = 2147483647;
			dstPath = "";
			dstSubfolderSpec = 13;
			files = (
				0EDB25CC2FE449FF0091E0BF /* VideoStatusExtension.appex in Embed Foundation Extensions */,
			);
			name = "Embed Foundation Extensions";
			runOnlyForDeploymentPostprocessing = 0;
		};
/* End PBXCopyFilesBuildPhase section */

/* Begin PBXFileReference section */
		0E63A3F030052DCD0026C378 /* VideoStatusExtension */ = {isa = PBXFileReference; lastKnownFileType = text.xml; path = VideoStatusExtension; sourceTree = "<group>"; };
		0EDB25B72FE449FC0091E0BF /* VideoStatusExtension.appex */ = {isa = PBXFileReference; explicitFileType = "wrapper.app-extension"; includeInIndex = 0; path = VideoStatusExtension.appex; sourceTree = BUILT_PRODUCTS_DIR; };
		0EDB25B82FE449FD0091E0BF /* WidgetKit.framework */ = {isa = PBXFileReference; lastKnownFileType = wrapper.framework; name = WidgetKit.framework; path = System/Library/Frameworks/WidgetKit.framework; sourceTree = SDKROOT; };
		0EDB25BA2FE449FD0091E0BF /* SwiftUI.framework */ = {isa = PBXFileReference; lastKnownFileType = wrapper.framework; name = SwiftUI.framework; path = System/Library/Frameworks/SwiftUI.framework; sourceTree = SDKROOT; };
		0EEFE0282FEFD02500BFC25F /* UtilityTests.swift */ = {isa = PBXFileReference; lastKnownFileType = sourcecode.swift; path = UtilityTests.swift; sourceTree = "<group>"; };
		7F086B992F6ABDE600288521 /* README.md */ = {isa = PBXFileReference; lastKnownFileType = sourcecode.swift; path = README.md; sourceTree = "<group>"; };
		7F4336D12F70600400783EE3 /* JapaneseLearning.app */ = {isa = PBXFileReference; explicitFileType = wrapper.application; includeInIndex = 0; path = JapaneseLearning.app; sourceTree = BUILT_PRODUCTS_DIR; };
		7F4336D22F70600400783EE3 /* JapaneseLearningTests.xctest */ = {isa = PBXFileReference; explicitFileType = wrapper.cfbundle; includeInIndex = 0; path = JapaneseLearningTests.xctest; sourceTree = BUILT_PRODUCTS_DIR; };
/* End PBXFileReference section */

/* Begin PBXFileSystemSynchronizedBuildFileExceptionSet section */
		0E63A3F3300537030026C378 /* Exceptions for "JapaneseLearning" folder in "VideoStatusExtension" target */ = {
			isa = PBXFileSystemSynchronizedBuildFileExceptionSet;
			membershipExceptions = (
				Shadowing/Store/AppGroupThumbnailStorage.swift,
			);
			target = 0EDB25B62FE449FC0091E0BF /* VideoStatusExtension */;
		};
		0E77E9BA2F12B17000724907 /* Exceptions for "JapaneseLearning" folder in "JapaneseLearning" target */ = {
			isa = PBXFileSystemSynchronizedBuildFileExceptionSet;
			membershipExceptions = (
				Info.plist,
			);
			target = 7FF22E8D2ED7EC6600603529 /* JapaneseLearning */;
		};
		0EDB25D02FE449FF0091E0BF /* Exceptions for "VideoStatus" folder in "VideoStatusExtension" target */ = {
			isa = PBXFileSystemSynchronizedBuildFileExceptionSet;
			membershipExceptions = (
				Info.plist,
			);
			target = 0EDB25B62FE449FC0091E0BF /* VideoStatusExtension */;
		};
		0EDB25D32FE44C400091E0BF /* Exceptions for "VideoStatus" folder in "JapaneseLearning" target */ = {
			isa = PBXFileSystemSynchronizedBuildFileExceptionSet;
			membershipExceptions = (
				VideoStatusLiveActivity.swift,
			);
			target = 7FF22E8D2ED7EC6600603529 /* JapaneseLearning */;
		};
/* End PBXFileSystemSynchronizedBuildFileExceptionSet section */

/* Begin PBXFileSystemSynchronizedRootGroup section */
		0EDB25BC2FE449FD0091E0BF /* VideoStatus */ = {
			isa = PBXFileSystemSynchronizedRootGroup;
			exceptions = (
				0EDB25D32FE44C400091E0BF /* Exceptions for "VideoStatus" folder in "JapaneseLearning" target */,
				0EDB25D02FE449FF0091E0BF /* Exceptions for "VideoStatus" folder in "VideoStatusExtension" target */,
			);
			path = VideoStatus;
			sourceTree = "<group>";
		};
		7FF22E902ED7EC6600603529 /* JapaneseLearning */ = {
			isa = PBXFileSystemSynchronizedRootGroup;
			exceptions = (
				0E77E9BA2F12B17000724907 /* Exceptions for "JapaneseLearning" folder in "JapaneseLearning" target */,
				0E63A3F3300537030026C378 /* Exceptions for "JapaneseLearning" folder in "VideoStatusExtension" target */,
			);
			path = JapaneseLearning;
			sourceTree = "<group>";
		};
/* End PBXFileSystemSynchronizedRootGroup section */

/* Begin PBXFrameworksBuildPhase section */
		0EDB25B42FE449FC0091E0BF /* Frameworks */ = {
			isa = PBXFrameworksBuildPhase;
			buildActionMask = 2147483647;
			files = (
				0EDB25BB2FE449FD0091E0BF /* SwiftUI.framework in Frameworks */,
				0EDB25B92FE449FD0091E0BF /* WidgetKit.framework in Frameworks */,
			);
			runOnlyForDeploymentPostprocessing = 0;
		};
		0EFF47F92F378D38008832D6 /* Frameworks */ = {
			isa = PBXFrameworksBuildPhase;
			buildActionMask = 2147483647;
			files = (
			);
			runOnlyForDeploymentPostprocessing = 0;
		};
		7FF22E8B2ED7EC6600603529 /* Frameworks */ = {
			isa = PBXFrameworksBuildPhase;
			buildActionMask = 2147483647;
			files = (
			);
			runOnlyForDeploymentPostprocessing = 0;
		};
/* End PBXFrameworksBuildPhase section */

/* Begin PBXGroup section */
		0E4D55312FD8033E00954110 /* Frameworks */ = {
			isa = PBXGroup;
			children = (
				0EDB25B82FE449FD0091E0BF /* WidgetKit.framework */,
				0EDB25BA2FE449FD0091E0BF /* SwiftUI.framework */,
			);
			name = Frameworks;
			sourceTree = "<group>";
		};
		0EEFE0272FEFD02200BFC25F /* JapaneseLearningTests */ = {
			isa = PBXGroup;
			children = (
				0EEFE0282FEFD02500BFC25F /* UtilityTests.swift */,
			);
			path = JapaneseLearningTests;
			sourceTree = "<group>";
		};
		7FF22E852ED7EC6600603529 = {
			isa = PBXGroup;
			children = (
				0E63A3F030052DCD0026C378 /* VideoStatusExtension */,
				7FF22E902ED7EC6600603529 /* JapaneseLearning */,
				7F086B992F6ABDE600288521 /* README.md */,
				7F4336D12F70600400783EE3 /* JapaneseLearning.app */,
				7F4336D22F70600400783EE3 /* JapaneseLearningTests.xctest */,
				0EDB25BC2FE449FD0091E0BF /* VideoStatus */,
				0E4D55312FD8033E00954110 /* Frameworks */,
				0EDB25B72FE449FC0091E0BF /* VideoStatusExtension.appex */,
				0EEFE0272FEFD02200BFC25F /* JapaneseLearningTests */,
			);
			sourceTree = "<group>";
		};
/* End PBXGroup section */

/* Begin PBXNativeTarget section */
		0EDB25B62FE449FC0091E0BF /* VideoStatusExtension */ = {
			isa = PBXNativeTarget;
			buildConfigurationList = 0EDB25CD2FE449FF0091E0BF /* Build configuration list for PBXNativeTarget "VideoStatusExtension" */;
			buildPhases = (
				0EDB25B32FE449FC0091E0BF /* Sources */,
				0EDB25B42FE449FC0091E0BF /* Frameworks */,
				0EDB25B52FE449FC0091E0BF /* Resources */,
			);
			buildRules = (
			);
			dependencies = (
			);
			fileSystemSynchronizedGroups = (
				0EDB25BC2FE449FD0091E0BF /* VideoStatus */,
			);
			name = VideoStatusExtension;
			packageProductDependencies = (
			);
			productName = VideoStatusExtension;
			productReference = 0EDB25B72FE449FC0091E0BF /* VideoStatusExtension.appex */;
			productType = "com.apple.product-type.app-extension";
		};
		0EFF47FB2F378D38008832D6 /* JapaneseLearningTests */ = {
			isa = PBXNativeTarget;
			buildConfigurationList = 0EFF48022F378D38008832D6 /* Build configuration list for PBXNativeTarget "JapaneseLearningTests" */;
			buildPhases = (
				0EFF47F82F378D38008832D6 /* Sources */,
				0EFF47F92F378D38008832D6 /* Frameworks */,
				0EFF47FA2F378D38008832D6 /* Resources */,
			);
			buildRules = (
			);
			dependencies = (
				0EFF48012F378D38008832D6 /* PBXTargetDependency */,
			);
			name = JapaneseLearningTests;
			packageProductDependencies = (
			);
			productName = JapaneseLearningTests;
			productReference = 7F4336D22F70600400783EE3 /* JapaneseLearningTests.xctest */;
			productType = "com.apple.product-type.bundle.unit-test";
		};
		7FF22E8D2ED7EC6600603529 /* JapaneseLearning */ = {
			isa = PBXNativeTarget;
			buildConfigurationList = 7FF22E992ED7EC6B00603529 /* Build configuration list for PBXNativeTarget "JapaneseLearning" */;
			buildPhases = (
				7FF22E8A2ED7EC6600603529 /* Sources */,
				7FF22E8B2ED7EC6600603529 /* Frameworks */,
				7FF22E8C2ED7EC6600603529 /* Resources */,
				0EDB25D12FE449FF0091E0BF /* Embed Foundation Extensions */,
			);
			buildRules = (
			);
			dependencies = (
				0EDB25CB2FE449FF0091E0BF /* PBXTargetDependency */,
			);
			fileSystemSynchronizedGroups = (
				7FF22E902ED7EC6600603529 /* JapaneseLearning */,
			);
			name = JapaneseLearning;
			packageProductDependencies = (
			);
			productName = JapaneseGrammar;
			productReference = 7F4336D12F70600400783EE3 /* JapaneseLearning.app */;
			productType = "com.apple.product-type.application";
		};
/* End PBXNativeTarget section */

/* Begin PBXProject section */
		7FF22E862ED7EC6600603529 /* Project object */ = {
			isa = PBXProject;
			attributes = {
				BuildIndependentTargetsInParallel = 1;
				LastSwiftUpdateCheck = 2700;
				LastUpgradeCheck = 2610;
				TargetAttributes = {
					0EDB25B62FE449FC0091E0BF = {
						CreatedOnToolsVersion = 27.0;
					};
					0EFF47FB2F378D38008832D6 = {
						CreatedOnToolsVersion = 26.2;
						TestTargetID = 7FF22E8D2ED7EC6600603529;
					};
					7FF22E8D2ED7EC6600603529 = {
						CreatedOnToolsVersion = 26.0;
					};
				};
			};
			buildConfigurationList = 7FF22E892ED7EC6600603529 /* Build configuration list for PBXProject "JapaneseLearning" */;
			developmentRegion = ja;
			hasScannedForEncodings = 0;
			knownRegions = (
				Base,
				ja,
			);
			mainGroup = 7FF22E852ED7EC6600603529;
			minimizedProjectReferenceProxies = 1;
			packageReferences = (
			);
			preferredProjectObjectVersion = 77;
			productRefGroup = 7FF22E852ED7EC6600603529;
			projectDirPath = "";
			projectRoot = "";
			targets = (
				7FF22E8D2ED7EC6600603529 /* JapaneseLearning */,
				0EFF47FB2F378D38008832D6 /* JapaneseLearningTests */,
				0EDB25B62FE449FC0091E0BF /* VideoStatusExtension */,
			);
		};
/* End PBXProject section */

/* Begin PBXResourcesBuildPhase section */
		0EDB25B52FE449FC0091E0BF /* Resources */ = {
			isa = PBXResourcesBuildPhase;
			buildActionMask = 2147483647;
			files = (
			);
			runOnlyForDeploymentPostprocessing = 0;
		};
		0EFF47FA2F378D38008832D6 /* Resources */ = {
			isa = PBXResourcesBuildPhase;
			buildActionMask = 2147483647;
			files = (
			);
			runOnlyForDeploymentPostprocessing = 0;
		};
		7FF22E8C2ED7EC6600603529 /* Resources */ = {
			isa = PBXResourcesBuildPhase;
			buildActionMask = 2147483647;
			files = (
			);
			runOnlyForDeploymentPostprocessing = 0;
		};
/* End PBXResourcesBuildPhase section */

/* Begin PBXSourcesBuildPhase section */
		0EDB25B32FE449FC0091E0BF /* Sources */ = {
			isa = PBXSourcesBuildPhase;
			buildActionMask = 2147483647;
			files = (
			);
			runOnlyForDeploymentPostprocessing = 0;
		};
		0EFF47F82F378D38008832D6 /* Sources */ = {
			isa = PBXSourcesBuildPhase;
			buildActionMask = 2147483647;
			files = (
				0EEFE0292FEFD02500BFC25F /* UtilityTests.swift in Sources */,
			);
			runOnlyForDeploymentPostprocessing = 0;
		};
		7FF22E8A2ED7EC6600603529 /* Sources */ = {
			isa = PBXSourcesBuildPhase;
			buildActionMask = 2147483647;
			files = (
			);
			runOnlyForDeploymentPostprocessing = 0;
		};
/* End PBXSourcesBuildPhase section */

/* Begin PBXTargetDependency section */
		0EDB25CB2FE449FF0091E0BF /* PBXTargetDependency */ = {
			isa = PBXTargetDependency;
			target = 0EDB25B62FE449FC0091E0BF /* VideoStatusExtension */;
			targetProxy = 0EDB25CA2FE449FF0091E0BF /* PBXContainerItemProxy */;
		};
		0EFF48012F378D38008832D6 /* PBXTargetDependency */ = {
			isa = PBXTargetDependency;
			target = 7FF22E8D2ED7EC6600603529 /* JapaneseLearning */;
			targetProxy = 0EFF48002F378D38008832D6 /* PBXContainerItemProxy */;
		};
/* End PBXTargetDependency section */

/* Begin XCBuildConfiguration section */
		0EDB25CE2FE449FF0091E0BF /* Debug */ = {
			isa = XCBuildConfiguration;
			buildSettings = {
				ASSETCATALOG_COMPILER_GLOBAL_ACCENT_COLOR_NAME = AccentColor;
				ASSETCATALOG_COMPILER_WIDGET_BACKGROUND_COLOR_NAME = WidgetBackground;
				CODE_SIGN_ENTITLEMENTS = VideoStatusExtension.entitlements;
				CODE_SIGN_IDENTITY = "Apple Development";
				CODE_SIGN_STYLE = Automatic;
				CURRENT_PROJECT_VERSION = 20;
				DEVELOPMENT_TEAM = 8YG68RBKNK;
				DRIVERKIT_DEPLOYMENT_TARGET = 27.0;
				GCC_C_LANGUAGE_STANDARD = c23;
				GENERATE_INFOPLIST_FILE = YES;
				INFOPLIST_FILE = VideoStatus/Info.plist;
				INFOPLIST_KEY_CFBundleDisplayName = VideoStatus;
				INFOPLIST_KEY_NSHumanReadableCopyright = "";
				LD_RUNPATH_SEARCH_PATHS = (
					"$(inherited)",
					"@executable_path/Frameworks",
					"@executable_path/../../Frameworks",
				);
				MACOSX_DEPLOYMENT_TARGET = 27.0;
				MARKETING_VERSION = 0.2.0;
				PRODUCT_BUNDLE_IDENTIFIER = com.makoto.JapaneseLearning.VideoStatus;
				PRODUCT_NAME = "$(TARGET_NAME)";
				PROVISIONING_PROFILE_SPECIFIER = "";
				REGISTER_APP_GROUPS = YES;
				SKIP_INSTALL = YES;
				STRING_CATALOG_GENERATE_SYMBOLS = YES;
				SWIFT_APPROACHABLE_CONCURRENCY = YES;
				SWIFT_EMIT_LOC_STRINGS = YES;
				SWIFT_UPCOMING_FEATURE_MEMBER_IMPORT_VISIBILITY = YES;
				SWIFT_VERSION = 6.0;
				TARGETED_DEVICE_FAMILY = "1,2";
				TVOS_DEPLOYMENT_TARGET = 27.0;
				WATCHOS_DEPLOYMENT_TARGET = 27.0;
				XROS_DEPLOYMENT_TARGET = 27.0;
			};
			name = Debug;
		};
		0EDB25CF2FE449FF0091E0BF /* Release */ = {
			isa = XCBuildConfiguration;
			buildSettings = {
				ASSETCATALOG_COMPILER_GLOBAL_ACCENT_COLOR_NAME = AccentColor;
				ASSETCATALOG_COMPILER_WIDGET_BACKGROUND_COLOR_NAME = WidgetBackground;
				CODE_SIGN_ENTITLEMENTS = VideoStatusExtension.entitlements;
				CODE_SIGN_IDENTITY = "Apple Development";
				CODE_SIGN_STYLE = Automatic;
				CURRENT_PROJECT_VERSION = 20;
				DEVELOPMENT_TEAM = 8YG68RBKNK;
				DRIVERKIT_DEPLOYMENT_TARGET = 27.0;
				GCC_C_LANGUAGE_STANDARD = c23;
				GENERATE_INFOPLIST_FILE = YES;
				INFOPLIST_FILE = VideoStatus/Info.plist;
				INFOPLIST_KEY_CFBundleDisplayName = VideoStatus;
				INFOPLIST_KEY_NSHumanReadableCopyright = "";
				LD_RUNPATH_SEARCH_PATHS = (
					"$(inherited)",
					"@executable_path/Frameworks",
					"@executable_path/../../Frameworks",
				);
				MACOSX_DEPLOYMENT_TARGET = 27.0;
				MARKETING_VERSION = 0.2.0;
				PRODUCT_BUNDLE_IDENTIFIER = com.makoto.JapaneseLearning.VideoStatus;
				PRODUCT_NAME = "$(TARGET_NAME)";
				PROVISIONING_PROFILE_SPECIFIER = "";
				REGISTER_APP_GROUPS = YES;
				SKIP_INSTALL = YES;
				STRING_CATALOG_GENERATE_SYMBOLS = YES;
				SWIFT_APPROACHABLE_CONCURRENCY = YES;
				SWIFT_EMIT_LOC_STRINGS = YES;
				SWIFT_UPCOMING_FEATURE_MEMBER_IMPORT_VISIBILITY = YES;
				SWIFT_VERSION = 6.0;
				TARGETED_DEVICE_FAMILY = "1,2";
				TVOS_DEPLOYMENT_TARGET = 27.0;
				WATCHOS_DEPLOYMENT_TARGET = 27.0;
				XROS_DEPLOYMENT_TARGET = 27.0;
			};
			name = Release;
		};
		0EFF48032F378D38008832D6 /* Debug */ = {
			isa = XCBuildConfiguration;
			buildSettings = {
				BUNDLE_LOADER = "$(TEST_HOST)";
				CODE_SIGN_IDENTITY = "Apple Development";
				CODE_SIGN_STYLE = Automatic;
				CURRENT_PROJECT_VERSION = 1;
				DEVELOPMENT_TEAM = 8YG68RBKNK;
				GENERATE_INFOPLIST_FILE = YES;
				IPHONEOS_DEPLOYMENT_TARGET = 27.0;
				MARKETING_VERSION = 1.0;
				PRODUCT_BUNDLE_IDENTIFIER = makoto.JapaneseLearningTests;
				PRODUCT_NAME = "$(TARGET_NAME)";
				PROVISIONING_PROFILE_SPECIFIER = "";
				STRING_CATALOG_GENERATE_SYMBOLS = NO;
				SWIFT_APPROACHABLE_CONCURRENCY = YES;
				SWIFT_EMIT_LOC_STRINGS = NO;
				SWIFT_UPCOMING_FEATURE_MEMBER_IMPORT_VISIBILITY = YES;
				SWIFT_VERSION = 6.0;
				TARGETED_DEVICE_FAMILY = "1,2";
				TEST_HOST = "$(BUILT_PRODUCTS_DIR)/JapaneseLearning.app/$(BUNDLE_EXECUTABLE_FOLDER_PATH)/JapaneseLearning";
			};
			name = Debug;
		};
		0EFF48042F378D38008832D6 /* Release */ = {
			isa = XCBuildConfiguration;
			buildSettings = {
				BUNDLE_LOADER = "$(TEST_HOST)";
				CODE_SIGN_IDENTITY = "Apple Development";
				CODE_SIGN_STYLE = Automatic;
				CURRENT_PROJECT_VERSION = 1;
				DEVELOPMENT_TEAM = 8YG68RBKNK;
				GENERATE_INFOPLIST_FILE = YES;
				IPHONEOS_DEPLOYMENT_TARGET = 27.0;
				MARKETING_VERSION = 1.0;
				PRODUCT_BUNDLE_IDENTIFIER = makoto.JapaneseLearningTests;
				PRODUCT_NAME = "$(TARGET_NAME)";
				PROVISIONING_PROFILE_SPECIFIER = "";
				STRING_CATALOG_GENERATE_SYMBOLS = NO;
				SWIFT_APPROACHABLE_CONCURRENCY = YES;
				SWIFT_EMIT_LOC_STRINGS = NO;
				SWIFT_UPCOMING_FEATURE_MEMBER_IMPORT_VISIBILITY = YES;
				SWIFT_VERSION = 6.0;
				TARGETED_DEVICE_FAMILY = "1,2";
				TEST_HOST = "$(BUILT_PRODUCTS_DIR)/JapaneseLearning.app/$(BUNDLE_EXECUTABLE_FOLDER_PATH)/JapaneseLearning";
			};
			name = Release;
		};
		7FF22E972ED7EC6B00603529 /* Debug */ = {
			isa = XCBuildConfiguration;
			buildSettings = {
				ALWAYS_SEARCH_USER_PATHS = NO;
				ASSETCATALOG_COMPILER_GENERATE_SWIFT_ASSET_SYMBOL_EXTENSIONS = YES;
				CLANG_ANALYZER_LOCALIZABILITY_NONLOCALIZED = YES;
				CLANG_ANALYZER_NONNULL = YES;
				CLANG_ANALYZER_NUMBER_OBJECT_CONVERSION = YES_AGGRESSIVE;
				CLANG_CXX_LANGUAGE_STANDARD = "c++23";
				CLANG_ENABLE_MODULES = YES;
				CLANG_ENABLE_OBJC_ARC = YES;
				CLANG_ENABLE_OBJC_WEAK = YES;
				CLANG_WARN_BLOCK_CAPTURE_AUTORELEASING = YES;
				CLANG_WARN_BOOL_CONVERSION = YES;
				CLANG_WARN_COMMA = YES;
				CLANG_WARN_CONSTANT_CONVERSION = YES;
				CLANG_WARN_DEPRECATED_OBJC_IMPLEMENTATIONS = YES;
				CLANG_WARN_DIRECT_OBJC_ISA_USAGE = YES_ERROR;
				CLANG_WARN_DOCUMENTATION_COMMENTS = YES;
				CLANG_WARN_EMPTY_BODY = YES;
				CLANG_WARN_ENUM_CONVERSION = YES;
				CLANG_WARN_INFINITE_RECURSION = YES;
				CLANG_WARN_INT_CONVERSION = YES;
				CLANG_WARN_NON_LITERAL_NULL_CONVERSION = YES;
				CLANG_WARN_OBJC_IMPLICIT_RETAIN_SELF = YES;
				CLANG_WARN_OBJC_LITERAL_CONVERSION = YES;
				CLANG_WARN_OBJC_ROOT_CLASS = YES_ERROR;
				CLANG_WARN_QUOTED_INCLUDE_IN_FRAMEWORK_HEADER = YES;
				CLANG_WARN_RANGE_LOOP_ANALYSIS = YES;
				CLANG_WARN_STRICT_PROTOTYPES = YES;
				CLANG_WARN_SUSPICIOUS_MOVE = YES;
				CLANG_WARN_UNGUARDED_AVAILABILITY = YES_AGGRESSIVE;
				CLANG_WARN_UNREACHABLE_CODE = YES;
				CLANG_WARN__DUPLICATE_METHOD_MATCH = YES;
				COPY_PHASE_STRIP = NO;
				DEBUG_INFORMATION_FORMAT = dwarf;
				DEVELOPMENT_TEAM = 8YG68RBKNK;
				ENABLE_STRICT_OBJC_MSGSEND = YES;
				ENABLE_TESTABILITY = YES;
				ENABLE_USER_SCRIPT_SANDBOXING = YES;
				GCC_C_LANGUAGE_STANDARD = c23;
				GCC_DYNAMIC_NO_PIC = NO;
				GCC_NO_COMMON_BLOCKS = YES;
				GCC_OPTIMIZATION_LEVEL = 0;
				GCC_PREPROCESSOR_DEFINITIONS = (
					"DEBUG=1",
					"$(inherited)",
				);
				GCC_WARN_64_TO_32_BIT_CONVERSION = YES;
				GCC_WARN_ABOUT_RETURN_TYPE = YES_ERROR;
				GCC_WARN_UNDECLARED_SELECTOR = YES;
				GCC_WARN_UNINITIALIZED_AUTOS = YES_AGGRESSIVE;
				GCC_WARN_UNUSED_FUNCTION = YES;
				GCC_WARN_UNUSED_VARIABLE = YES;
				IPHONEOS_DEPLOYMENT_TARGET = 27.0;
				LOCALIZATION_PREFERS_STRING_CATALOGS = YES;
				MTL_ENABLE_DEBUG_INFO = INCLUDE_SOURCE;
				MTL_FAST_MATH = YES;
				ONLY_ACTIVE_ARCH = YES;
				SDKROOT = iphoneos;
				STRING_CATALOG_GENERATE_SYMBOLS = YES;
				SWIFT_ACTIVE_COMPILATION_CONDITIONS = "DEBUG $(inherited)";
				SWIFT_OPTIMIZATION_LEVEL = "-Onone";
				SWIFT_VERSION = 6.0;
			};
			name = Debug;
		};
		7FF22E982ED7EC6B00603529 /* Release */ = {
			isa = XCBuildConfiguration;
			buildSettings = {
				ALWAYS_SEARCH_USER_PATHS = NO;
				ASSETCATALOG_COMPILER_GENERATE_SWIFT_ASSET_SYMBOL_EXTENSIONS = YES;
				CLANG_ANALYZER_LOCALIZABILITY_NONLOCALIZED = YES;
				CLANG_ANALYZER_NONNULL = YES;
				CLANG_ANALYZER_NUMBER_OBJECT_CONVERSION = YES_AGGRESSIVE;
				CLANG_CXX_LANGUAGE_STANDARD = "c++23";
				CLANG_ENABLE_MODULES = YES;
				CLANG_ENABLE_OBJC_ARC = YES;
				CLANG_ENABLE_OBJC_WEAK = YES;
				CLANG_WARN_BLOCK_CAPTURE_AUTORELEASING = YES;
				CLANG_WARN_BOOL_CONVERSION = YES;
				CLANG_WARN_COMMA = YES;
				CLANG_WARN_CONSTANT_CONVERSION = YES;
				CLANG_WARN_DEPRECATED_OBJC_IMPLEMENTATIONS = YES;
				CLANG_WARN_DIRECT_OBJC_ISA_USAGE = YES_ERROR;
				CLANG_WARN_DOCUMENTATION_COMMENTS = YES;
				CLANG_WARN_EMPTY_BODY = YES;
				CLANG_WARN_ENUM_CONVERSION = YES;
				CLANG_WARN_INFINITE_RECURSION = YES;
				CLANG_WARN_INT_CONVERSION = YES;
				CLANG_WARN_NON_LITERAL_NULL_CONVERSION = YES;
				CLANG_WARN_OBJC_IMPLICIT_RETAIN_SELF = YES;
				CLANG_WARN_OBJC_LITERAL_CONVERSION = YES;
				CLANG_WARN_OBJC_ROOT_CLASS = YES_ERROR;
				CLANG_WARN_QUOTED_INCLUDE_IN_FRAMEWORK_HEADER = YES;
				CLANG_WARN_RANGE_LOOP_ANALYSIS = YES;
				CLANG_WARN_STRICT_PROTOTYPES = YES;
				CLANG_WARN_SUSPICIOUS_MOVE = YES;
				CLANG_WARN_UNGUARDED_AVAILABILITY = YES_AGGRESSIVE;
				CLANG_WARN_UNREACHABLE_CODE = YES;
				CLANG_WARN__DUPLICATE_METHOD_MATCH = YES;
				COPY_PHASE_STRIP = NO;
				DEBUG_INFORMATION_FORMAT = "dwarf-with-dsym";
				DEVELOPMENT_TEAM = 8YG68RBKNK;
				ENABLE_NS_ASSERTIONS = NO;
				ENABLE_STRICT_OBJC_MSGSEND = YES;
				ENABLE_USER_SCRIPT_SANDBOXING = YES;
				GCC_C_LANGUAGE_STANDARD = c23;
				GCC_NO_COMMON_BLOCKS = YES;
				GCC_WARN_64_TO_32_BIT_CONVERSION = YES;
				GCC_WARN_ABOUT_RETURN_TYPE = YES_ERROR;
				GCC_WARN_UNDECLARED_SELECTOR = YES;
				GCC_WARN_UNINITIALIZED_AUTOS = YES_AGGRESSIVE;
				GCC_WARN_UNUSED_FUNCTION = YES;
				GCC_WARN_UNUSED_VARIABLE = YES;
				IPHONEOS_DEPLOYMENT_TARGET = 27.0;
				LOCALIZATION_PREFERS_STRING_CATALOGS = YES;
				MTL_ENABLE_DEBUG_INFO = NO;
				MTL_FAST_MATH = YES;
				SDKROOT = iphoneos;
				STRING_CATALOG_GENERATE_SYMBOLS = YES;
				SWIFT_COMPILATION_MODE = wholemodule;
				SWIFT_VERSION = 6.0;
				VALIDATE_PRODUCT = YES;
			};
			name = Release;
		};
		7FF22E9A2ED7EC6B00603529 /* Debug */ = {
			isa = XCBuildConfiguration;
			buildSettings = {
				ASSETCATALOG_COMPILER_APPICON_NAME = AppIcon;
				ASSETCATALOG_COMPILER_GLOBAL_ACCENT_COLOR_NAME = AccentColor;
				CLANG_CXX_LANGUAGE_STANDARD = "c++23";
				CODE_SIGN_ENTITLEMENTS = JapaneseLearning/JapaneseLearning.entitlements;
				CODE_SIGN_IDENTITY = "Apple Development";
				CODE_SIGN_STYLE = Automatic;
				CURRENT_PROJECT_VERSION = 20;
				DEVELOPMENT_TEAM = 8YG68RBKNK;
				DRIVERKIT_DEPLOYMENT_TARGET = 27.0;
				ENABLE_APP_SANDBOX = YES;
				ENABLE_HARDENED_RUNTIME = YES;
				ENABLE_OUTGOING_NETWORK_CONNECTIONS = YES;
				ENABLE_PREVIEWS = YES;
				GCC_C_LANGUAGE_STANDARD = c23;
				GENERATE_INFOPLIST_FILE = YES;
				INFOPLIST_FILE = JapaneseLearning/Info.plist;
				INFOPLIST_KEY_CFBundleDisplayName = "日本語勉学";
				INFOPLIST_KEY_LSApplicationCategoryType = "public.app-category.education";
				INFOPLIST_KEY_NSSupportsLiveActivities = YES;
				INFOPLIST_KEY_NSSupportsLiveActivitiesFrequentUpdates = YES;
				INFOPLIST_KEY_UIApplicationSupportsIndirectInputEvents = YES;
				INFOPLIST_KEY_UILaunchScreen_Generation = YES;
				INFOPLIST_KEY_UISupportedInterfaceOrientations_iPad = "UIInterfaceOrientationPortrait UIInterfaceOrientationPortraitUpsideDown UIInterfaceOrientationLandscapeLeft UIInterfaceOrientationLandscapeRight";
				INFOPLIST_KEY_UISupportedInterfaceOrientations_iPhone = "UIInterfaceOrientationPortrait UIInterfaceOrientationLandscapeLeft UIInterfaceOrientationLandscapeRight";
				IPHONEOS_DEPLOYMENT_TARGET = 27.0;
				LD_RUNPATH_SEARCH_PATHS = (
					"$(inherited)",
					"@executable_path/Frameworks",
				);
				MACOSX_DEPLOYMENT_TARGET = 27.0;
				MARKETING_VERSION = 0.2.0;
				PRODUCT_BUNDLE_IDENTIFIER = com.makoto.JapaneseLearning;
				PRODUCT_NAME = "$(TARGET_NAME)";
				PROVISIONING_PROFILE_SPECIFIER = "";
				REGISTER_APP_GROUPS = YES;
				STRING_CATALOG_GENERATE_SYMBOLS = YES;
				SUPPORTED_PLATFORMS = "iphoneos iphonesimulator";
				SUPPORTS_MACCATALYST = NO;
				SUPPORTS_MAC_DESIGNED_FOR_IPHONE_IPAD = NO;
				SUPPORTS_XR_DESIGNED_FOR_IPHONE_IPAD = NO;
				SWIFT_APPROACHABLE_CONCURRENCY = YES;
				SWIFT_DEFAULT_ACTOR_ISOLATION = MainActor;
				SWIFT_EMIT_LOC_STRINGS = YES;
				SWIFT_UPCOMING_FEATURE_MEMBER_IMPORT_VISIBILITY = YES;
				SWIFT_VERSION = 6.0;
				TARGETED_DEVICE_FAMILY = "1,2";
				TVOS_DEPLOYMENT_TARGET = 27.0;
				WATCHOS_DEPLOYMENT_TARGET = 27.0;
				XROS_DEPLOYMENT_TARGET = 27.0;
			};
			name = Debug;
		};
		7FF22E9B2ED7EC6B00603529 /* Release */ = {
			isa = XCBuildConfiguration;
			buildSettings = {
				ASSETCATALOG_COMPILER_APPICON_NAME = AppIcon;
				ASSETCATALOG_COMPILER_GLOBAL_ACCENT_COLOR_NAME = AccentColor;
				CLANG_CXX_LANGUAGE_STANDARD = "c++23";
				CODE_SIGN_ENTITLEMENTS = JapaneseLearning/JapaneseLearning.entitlements;
				CODE_SIGN_IDENTITY = "Apple Development";
				CODE_SIGN_STYLE = Automatic;
				CURRENT_PROJECT_VERSION = 20;
				DEVELOPMENT_TEAM = 8YG68RBKNK;
				DRIVERKIT_DEPLOYMENT_TARGET = 27.0;
				ENABLE_APP_SANDBOX = YES;
				ENABLE_HARDENED_RUNTIME = YES;
				ENABLE_OUTGOING_NETWORK_CONNECTIONS = YES;
				ENABLE_PREVIEWS = YES;
				GCC_C_LANGUAGE_STANDARD = c23;
				GENERATE_INFOPLIST_FILE = YES;
				INFOPLIST_FILE = JapaneseLearning/Info.plist;
				INFOPLIST_KEY_CFBundleDisplayName = "日本語勉学";
				INFOPLIST_KEY_LSApplicationCategoryType = "public.app-category.education";
				INFOPLIST_KEY_NSSupportsLiveActivities = YES;
				INFOPLIST_KEY_NSSupportsLiveActivitiesFrequentUpdates = YES;
				INFOPLIST_KEY_UIApplicationSupportsIndirectInputEvents = YES;
				INFOPLIST_KEY_UILaunchScreen_Generation = YES;
				INFOPLIST_KEY_UISupportedInterfaceOrientations_iPad = "UIInterfaceOrientationPortrait UIInterfaceOrientationPortraitUpsideDown UIInterfaceOrientationLandscapeLeft UIInterfaceOrientationLandscapeRight";
				INFOPLIST_KEY_UISupportedInterfaceOrientations_iPhone = "UIInterfaceOrientationPortrait UIInterfaceOrientationLandscapeLeft UIInterfaceOrientationLandscapeRight";
				IPHONEOS_DEPLOYMENT_TARGET = 27.0;
				LD_RUNPATH_SEARCH_PATHS = (
					"$(inherited)",
					"@executable_path/Frameworks",
				);
				MACOSX_DEPLOYMENT_TARGET = 27.0;
				MARKETING_VERSION = 0.2.0;
				PRODUCT_BUNDLE_IDENTIFIER = com.makoto.JapaneseLearning;
				PRODUCT_NAME = "$(TARGET_NAME)";
				PROVISIONING_PROFILE_SPECIFIER = "";
				REGISTER_APP_GROUPS = YES;
				STRING_CATALOG_GENERATE_SYMBOLS = YES;
				SUPPORTED_PLATFORMS = "iphoneos iphonesimulator";
				SUPPORTS_MACCATALYST = NO;
				SUPPORTS_MAC_DESIGNED_FOR_IPHONE_IPAD = NO;
				SUPPORTS_XR_DESIGNED_FOR_IPHONE_IPAD = NO;
				SWIFT_APPROACHABLE_CONCURRENCY = YES;
				SWIFT_DEFAULT_ACTOR_ISOLATION = MainActor;
				SWIFT_EMIT_LOC_STRINGS = YES;
				SWIFT_UPCOMING_FEATURE_MEMBER_IMPORT_VISIBILITY = YES;
				SWIFT_VERSION = 6.0;
				TARGETED_DEVICE_FAMILY = "1,2";
				TVOS_DEPLOYMENT_TARGET = 27.0;
				WATCHOS_DEPLOYMENT_TARGET = 27.0;
				XROS_DEPLOYMENT_TARGET = 27.0;
			};
			name = Release;
		};
/* End XCBuildConfiguration section */

/* Begin XCConfigurationList section */
		0EDB25CD2FE449FF0091E0BF /* Build configuration list for PBXNativeTarget "VideoStatusExtension" */ = {
			isa = XCConfigurationList;
			buildConfigurations = (
				0EDB25CE2FE449FF0091E0BF /* Debug */,
				0EDB25CF2FE449FF0091E0BF /* Release */,
			);
			defaultConfigurationIsVisible = 0;
			defaultConfigurationName = Release;
		};
		0EFF48022F378D38008832D6 /* Build configuration list for PBXNativeTarget "JapaneseLearningTests" */ = {
			isa = XCConfigurationList;
			buildConfigurations = (
				0EFF48032F378D38008832D6 /* Debug */,
				0EFF48042F378D38008832D6 /* Release */,
			);
			defaultConfigurationIsVisible = 0;
			defaultConfigurationName = Release;
		};
		7FF22E892ED7EC6600603529 /* Build configuration list for PBXProject "JapaneseLearning" */ = {
			isa = XCConfigurationList;
			buildConfigurations = (
				7FF22E972ED7EC6B00603529 /* Debug */,
				7FF22E982ED7EC6B00603529 /* Release */,
			);
			defaultConfigurationIsVisible = 0;
			defaultConfigurationName = Release;
		};
		7FF22E992ED7EC6B00603529 /* Build configuration list for PBXNativeTarget "JapaneseLearning" */ = {
			isa = XCConfigurationList;
			buildConfigurations = (
				7FF22E9A2ED7EC6B00603529 /* Debug */,
				7FF22E9B2ED7EC6B00603529 /* Release */,
			);
			defaultConfigurationIsVisible = 0;
			defaultConfigurationName = Release;
		};
/* End XCConfigurationList section */
	};
	rootObject = 7FF22E862ED7EC6600603529 /* Project object */;
}
